<Solution>
  <Folder Name="/Configuration/">
    <File Path=".gitignore" />
  </Folder>
  <Folder Name="/Configuration/Claude/">
    <File Path=".claude/CLAUDE.md" />
  </Folder>
  <Folder Name="/Configuration/Claude/rules/">
    <File Path="privacy-and-safety.md" />
  </Folder>
  <Project Path="GlucoLens/GlucoLens.csproj" />
</Solution>
